// !$*UTF8*$!
{
	archiveVersion = 1;
	classes = {
	};
	objectVersion = 77;
	objects = {

/* Begin PBXBuildFile section */
		5731836D49AE4BEFA2A28F43 /* HATVTopShelfExtension.appex in Embed App Extensions */ = {isa = PBXBuildFile; fileRef = D5ABB84847CE445E95E665A7 /* HATVTopShelfExtension.appex */; settings = {ATTRIBUTES = (RemoveHeadersOnCopy, ); }; };
/* End PBXBuildFile section */

/* Begin PBXContainerItemProxy section */
		07D471A62F7CAB2B00C578D3 /* PBXContainerItemProxy */ = {
			isa = PBXContainerItemProxy;
			containerPortal = 07D4718E2F7CAB2A00C578D3 /* Project object */;
			proxyType = 1;
			remoteGlobalIDString = 07D471952F7CAB2A00C578D3;
			remoteInfo = HATV;
		};
		07D471B02F7CAB2B00C578D3 /* PBXContainerItemProxy */ = {
			isa = PBXContainerItemProxy;
			containerPortal = 07D4718E2F7CAB2A00C578D3 /* Project object */;
			proxyType = 1;
			remoteGlobalIDString = 07D471952F7CAB2A00C578D3;
			remoteInfo = HATV;
		};
		EC97759AAA754E8DBAE0DEF4 /* PBXContainerItemProxy */ = {
			isa = PBXContainerItemProxy;
			containerPortal = 07D4718E2F7CAB2A00C578D3 /* Project object */;
			proxyType = 1;
			remoteGlobalIDString = EF22D5490B314257B9A064ED;
			remoteInfo = HATVTopShelfExtension;
		};
/* End PBXContainerItemProxy section */

/* Begin PBXCopyFilesBuildPhase section */
		72F6AC4DBA2845D39F3C9C94 /* Embed App Extensions */ = {
			isa = PBXCopyFilesBuildPhase;
			buildActionMask = 2147483647;
			dstPath = "";
			dstSubfolderSpec = 13;
			files = (
				5731836D49AE4BEFA2A28F43 /* HATVTopShelfExtension.appex in Embed App Extensions */,
			);
			name = "Embed App Extensions";
			runOnlyForDeploymentPostprocessing = 0;
		};
/* End PBXCopyFilesBuildPhase section */

/* Begin PBXFileReference section */
		07D471962F7CAB2A00C578D3 /* HATV.app */ = {isa = PBXFileReference; explicitFileType = wrapper.application; includeInIndex = 0; path = HATV.app; sourceTree = BUILT_PRODUCTS_DIR; };
		07D471A52F7CAB2B00C578D3 /* HATVTests.xctest */ = {isa = PBXFileReference; explicitFileType = wrapper.cfbundle; includeInIndex = 0; path = HATVTests.xctest; sourceTree = BUILT_PRODUCTS_DIR; };
		07D471AF2F7CAB2B00C578D3 /* HATVUITests.xctest */ = {isa = PBXFileReference; explicitFileType = wrapper.cfbundle; includeInIndex = 0; path = HATVUITests.xctest; sourceTree = BUILT_PRODUCTS_DIR; };
		D5ABB84847CE445E95E665A7 /* HATVTopShelfExtension.appex */ = {isa = PBXFileReference; explicitFileType = "wrapper.app-extension"; includeInIndex = 0; path = HATVTopShelfExtension.appex; sourceTree = BUILT_PRODUCTS_DIR; };
/* End PBXFileReference section */

/* Begin PBXFileSystemSynchronizedRootGroup section */
		07D471982F7CAB2A00C578D3 /* HATV */ = {
			isa = PBXFileSystemSynchronizedRootGroup;
			path = HATV;
			sourceTree = "<group>";
		};
		07D471A82F7CAB2B00C578D3 /* HATVTests */ = {
			isa = PBXFileSystemSynchronizedRootGroup;
			path = HATVTests;
			sourceTree = "<group>";
		};
		07D471B22F7CAB2B00C578D3 /* HATVUITests */ = {
			isa = PBXFileSystemSynchronizedRootGroup;
			path = HATVUITests;
			sourceTree = "<group>";
		};
		BA1CA43C68A24F7D9EFC69B1 /* HATVTopShelfExtension */ = {
			isa = PBXFileSystemSynchronizedRootGroup;
			path = HATVTopShelfExtension;
			sourceTree = "<group>";
		};
/* End PBXFileSystemSynchronizedRootGroup section */

/* Begin PBXFrameworksBuildPhase section */
		07D471932F7CAB2A00C578D3 /* Frameworks */ = {
			isa = PBXFrameworksBuildPhase;
			buildActionMask = 2147483647;
			files = (
			);
			runOnlyForDeploymentPostprocessing = 0;
		};
		07D471A22F7CAB2B00C578D3 /* Frameworks */ = {
			isa = PBXFrameworksBuildPhase;
			buildActionMask = 2147483647;
			files = (
			);
			runOnlyForDeploymentPostprocessing = 0;
		};
		07D471AC2F7CAB2B00C578D3 /* Frameworks */ = {
			isa = PBXFrameworksBuildPhase;
			buildActionMask = 2147483647;
			files = (
			);
			runOnlyForDeploymentPostprocessing = 0;
		};
		F6F5E34079C94AE6AB9F406C /* Frameworks */ = {
			isa = PBXFrameworksBuildPhase;
			buildActionMask = 2147483647;
			files = (
			);
			runOnlyForDeploymentPostprocessing = 0;
		};
/* End PBXFrameworksBuildPhase section */

/* Begin PBXGroup section */
		07D4718D2F7CAB2A00C578D3 = {
			isa = PBXGroup;
			children = (
				07D471982F7CAB2A00C578D3 /* HATV */,
				07D471A82F7CAB2B00C578D3 /* HATVTests */,
				07D471B22F7CAB2B00C578D3 /* HATVUITests */,
				BA1CA43C68A24F7D9EFC69B1 /* HATVTopShelfExtension */,
				07D471972F7CAB2A00C578D3 /* Products */,
			);
			sourceTree = "<group>";
		};
		07D471972F7CAB2A00C578D3 /* Products */ = {
			isa = PBXGroup;
			children = (
				07D471962F7CAB2A00C578D3 /* HATV.app */,
				07D471A52F7CAB2B00C578D3 /* HATVTests.xctest */,
				07D471AF2F7CAB2B00C578D3 /* HATVUITests.xctest */,
				D5ABB84847CE445E95E665A7 /* HATVTopShelfExtension.appex */,
			);
			name = Products;
			sourceTree = "<group>";
		};
/* End PBXGroup section */

/* Begin PBXNativeTarget section */
		07D471952F7CAB2A00C578D3 /* HATV */ = {
			isa = PBXNativeTarget;
			buildConfigurationList = 07D471B92F7CAB2B00C578D3 /* Build configuration list for PBXNativeTarget "HATV" */;
			buildPhases = (
				07D471922F7CAB2A00C578D3 /* Sources */,
				07D471932F7CAB2A00C578D3 /* Frameworks */,
				72F6AC4DBA2845D39F3C9C94 /* Embed App Extensions */,
				07D471942F7CAB2A00C578D3 /* Resources */,
			);
			buildRules = (
			);
			dependencies = (
				F1E8143F449D419E8A01AD3C /* PBXTargetDependency */,
			);
			fileSystemSynchronizedGroups = (
				07D471982F7CAB2A00C578D3 /* HATV */,
			);
			name = HATV;
			packageProductDependencies = (
			);
			productName = HATV;
			productReference = 07D471962F7CAB2A00C578D3 /* HATV.app */;
			productType = "com.apple.product-type.application";
		};
		07D471A42F7CAB2B00C578D3 /* HATVTests */ = {
			isa = PBXNativeTarget;
			buildConfigurationList = 07D471BC2F7CAB2B00C578D3 /* Build configuration list for PBXNativeTarget "HATVTests" */;
			buildPhases = (
				07D471A12F7CAB2B00C578D3 /* Sources */,
				07D471A22F7CAB2B00C578D3 /* Frameworks */,
				07D471A32F7CAB2B00C578D3 /* Resources */,
			);
			buildRules = (
			);
			dependencies = (
				07D471A72F7CAB2B00C578D3 /* PBXTargetDependency */,
			);
			fileSystemSynchronizedGroups = (
				07D471A82F7CAB2B00C578D3 /* HATVTests */,
			);
			name = HATVTests;
			packageProductDependencies = (
			);
			productName = HATVTests;
			productReference = 07D471A52F7CAB2B00C578D3 /* HATVTests.xctest */;
			productType = "com.apple.product-type.bundle.unit-test";
		};
		07D471AE2F7CAB2B00C578D3 /* HATVUITests */ = {
			isa = PBXNativeTarget;
			buildConfigurationList = 07D471BF2F7CAB2B00C578D3 /* Build configuration list for PBXNativeTarget "HATVUITests" */;
			buildPhases = (
				07D471AB2F7CAB2B00C578D3 /* Sources */,
				07D471AC2F7CAB2B00C578D3 /* Frameworks */,
				07D471AD2F7CAB2B00C578D3 /* Resources */,
			);
			buildRules = (
			);
			dependencies = (
				07D471B12F7CAB2B00C578D3 /* PBXTargetDependency */,
			);
			fileSystemSynchronizedGroups = (
				07D471B22F7CAB2B00C578D3 /* HATVUITests */,
			);
			name = HATVUITests;
			packageProductDependencies = (
			);
			productName = HATVUITests;
			productReference = 07D471AF2F7CAB2B00C578D3 /* HATVUITests.xctest */;
			productType = "com.apple.product-type.bundle.ui-testing";
		};
		EF22D5490B314257B9A064ED /* HATVTopShelfExtension */ = {
			isa = PBXNativeTarget;
			buildConfigurationList = B33B01786982402891479511 /* Build configuration list for PBXNativeTarget "HATVTopShelfExtension" */;
			buildPhases = (
				E081F85E544F431588E3C69D /* Sources */,
				F6F5E34079C94AE6AB9F406C /* Frameworks */,
				2C0CA696331049D2AEF1D3D8 /* Resources */,
			);
			buildRules = (
			);
			dependencies = (
			);
			fileSystemSynchronizedGroups = (
				BA1CA43C68A24F7D9EFC69B1 /* HATVTopShelfExtension */,
			);
			name = HATVTopShelfExtension;
			packageProductDependencies = (
			);
			productName = HATVTopShelfExtension;
			productReference = D5ABB84847CE445E95E665A7 /* HATVTopShelfExtension.appex */;
			productType = "com.apple.product-type.app-extension";
		};
/* End PBXNativeTarget section */

/* Begin PBXProject section */
		07D4718E2F7CAB2A00C578D3 /* Project object */ = {
			isa = PBXProject;
			attributes = {
				BuildIndependentTargetsInParallel = 1;
				LastSwiftUpdateCheck = 2640;
				LastUpgradeCheck = 2640;
				TargetAttributes = {
					07D471952F7CAB2A00C578D3 = {
						CreatedOnToolsVersion = 26.4;
					};
					07D471A42F7CAB2B00C578D3 = {
						CreatedOnToolsVersion = 26.4;
						TestTargetID = 07D471952F7CAB2A00C578D3;
					};
					07D471AE2F7CAB2B00C578D3 = {
						CreatedOnToolsVersion = 26.4;
						TestTargetID = 07D471952F7CAB2A00C578D3;
					};
					EF22D5490B314257B9A064ED = {
						CreatedOnToolsVersion = 26.4;
					};
				};
			};
			buildConfigurationList = 07D471912F7CAB2A00C578D3 /* Build configuration list for PBXProject "HATV" */;
			developmentRegion = en;
			hasScannedForEncodings = 0;
			knownRegions = (
				en,
				Base,
			);
			mainGroup = 07D4718D2F7CAB2A00C578D3;
			minimizedProjectReferenceProxies = 1;
			preferredProjectObjectVersion = 77;
			productRefGroup = 07D471972F7CAB2A00C578D3 /* Products */;
			projectDirPath = "";
			projectRoot = "";
			targets = (
				07D471952F7CAB2A00C578D3 /* HATV */,
				07D471A42F7CAB2B00C578D3 /* HATVTests */,
				07D471AE2F7CAB2B00C578D3 /* HATVUITests */,
				EF22D5490B314257B9A064ED /* HATVTopShelfExtension */,
			);
		};
/* End PBXProject section */

/* Begin PBXResourcesBuildPhase section */
		07D471942F7CAB2A00C578D3 /* Resources */ = {
			isa = PBXResourcesBuildPhase;
			buildActionMask = 2147483647;
			files = (
			);
			runOnlyForDeploymentPostprocessing = 0;
		};
		07D471A32F7CAB2B00C578D3 /* Resources */ = {
			isa = PBXResourcesBuildPhase;
			buildActionMask = 2147483647;
			files = (
			);
			runOnlyForDeploymentPostprocessing = 0;
		};
		07D471AD2F7CAB2B00C578D3 /* Resources */ = {
			isa = PBXResourcesBuildPhase;
			buildActionMask = 2147483647;
			files = (
			);
			runOnlyForDeploymentPostprocessing = 0;
		};
		2C0CA696331049D2AEF1D3D8 /* Resources */ = {
			isa = PBXResourcesBuildPhase;
			buildActionMask = 2147483647;
			files = (
			);
			runOnlyForDeploymentPostprocessing = 0;
		};
/* End PBXResourcesBuildPhase section */

/* Begin PBXSourcesBuildPhase section */
		07D471922F7CAB2A00C578D3 /* Sources */ = {
			isa = PBXSourcesBuildPhase;
			buildActionMask = 2147483647;
			files = (
			);
			runOnlyForDeploymentPostprocessing = 0;
		};
		07D471A12F7CAB2B00C578D3 /* Sources */ = {
			isa = PBXSourcesBuildPhase;
			buildActionMask = 2147483647;
			files = (
			);
			runOnlyForDeploymentPostprocessing = 0;
		};
		07D471AB2F7CAB2B00C578D3 /* Sources */ = {
			isa = PBXSourcesBuildPhase;
			buildActionMask = 2147483647;
			files = (
			);
			runOnlyForDeploymentPostprocessing = 0;
		};
		E081F85E544F431588E3C69D /* Sources */ = {
			isa = PBXSourcesBuildPhase;
			buildActionMask = 2147483647;
			files = (
			);
			runOnlyForDeploymentPostprocessing = 0;
		};
/* End PBXSourcesBuildPhase section */

/* Begin PBXTargetDependency section */
		07D471A72F7CAB2B00C578D3 /* PBXTargetDependency */ = {
			isa = PBXTargetDependency;
			target = 07D471952F7CAB2A00C578D3 /* HATV */;
			targetProxy = 07D471A62F7CAB2B00C578D3 /* PBXContainerItemProxy */;
		};
		07D471B12F7CAB2B00C578D3 /* PBXTargetDependency */ = {
			isa = PBXTargetDependency;
			target = 07D471952F7CAB2A00C578D3 /* HATV */;
			targetProxy = 07D471B02F7CAB2B00C578D3 /* PBXContainerItemProxy */;
		};
		F1E8143F449D419E8A01AD3C /* PBXTargetDependency */ = {
			isa = PBXTargetDependency;
			target = EF22D5490B314257B9A064ED /* HATVTopShelfExtension */;
			targetProxy = EC97759AAA754E8DBAE0DEF4 /* PBXContainerItemProxy */;
		};
/* End PBXTargetDependency section */

/* Begin XCBuildConfiguration section */
		07D471B72F7CAB2B00C578D3 /* Debug */ = {
			isa = XCBuildConfiguration;
			buildSettings = {
				ALWAYS_SEARCH_USER_PATHS = NO;
				ASSETCATALOG_COMPILER_GENERATE_SWIFT_ASSET_SYMBOL_EXTENSIONS = YES;
				CLANG_ANALYZER_NONNULL = YES;
				CLANG_ANALYZER_NUMBER_OBJECT_CONVERSION = YES_AGGRESSIVE;
				CLANG_CXX_LANGUAGE_STANDARD = "gnu++20";
				CLANG_ENABLE_MODULES = YES;
				CLANG_ENABLE_OBJC_ARC = YES;
				CLANG_ENABLE_OBJC_WEAK = YES;
				CLANG_WARN_BLOCK_CAPTURE_AUTORELEASING = YES;
				CLANG_WARN_BOOL_CONVERSION = YES;
				CLANG_WARN_COMMA = YES;
				CLANG_WARN_CONSTANT_CONVERSION = YES;
				CLANG_WARN_DEPRECATED_OBJC_IMPLEMENTATIONS = YES;
				CLANG_WARN_DIRECT_OBJC_ISA_USAGE = YES_ERROR;
				CLANG_WARN_DOCUMENTATION_COMMENTS = YES;
				CLANG_WARN_EMPTY_BODY = YES;
				CLANG_WARN_ENUM_CONVERSION = YES;
				CLANG_WARN_INFINITE_RECURSION = YES;
				CLANG_WARN_INT_CONVERSION = YES;
				CLANG_WARN_NON_LITERAL_NULL_CONVERSION = YES;
				CLANG_WARN_OBJC_IMPLICIT_RETAIN_SELF = YES;
				CLANG_WARN_OBJC_LITERAL_CONVERSION = YES;
				CLANG_WARN_OBJC_ROOT_CLASS = YES_ERROR;
				CLANG_WARN_QUOTED_INCLUDE_IN_FRAMEWORK_HEADER = YES;
				CLANG_WARN_RANGE_LOOP_ANALYSIS = YES;
				CLANG_WARN_STRICT_PROTOTYPES = YES;
				CLANG_WARN_SUSPICIOUS_MOVE = YES;
				CLANG_WARN_UNGUARDED_AVAILABILITY = YES_AGGRESSIVE;
				CLANG_WARN_UNREACHABLE_CODE = YES;
				CLANG_WARN__DUPLICATE_METHOD_MATCH = YES;
				COPY_PHASE_STRIP = NO;
				DEBUG_INFORMATION_FORMAT = dwarf;
				DEVELOPMENT_TEAM = XX656J46PT;
				ENABLE_STRICT_OBJC_MSGSEND = YES;
				ENABLE_TESTABILITY = YES;
				ENABLE_USER_SCRIPT_SANDBOXING = YES;
				GCC_C_LANGUAGE_STANDARD = gnu17;
				GCC_DYNAMIC_NO_PIC = NO;
				GCC_NO_COMMON_BLOCKS = YES;
				GCC_OPTIMIZATION_LEVEL = 0;
				GCC_PREPROCESSOR_DEFINITIONS = (
					"DEBUG=1",
					"$(inherited)",
				);
				GCC_WARN_64_TO_32_BIT_CONVERSION = YES;
				GCC_WARN_ABOUT_RETURN_TYPE = YES_ERROR;
				GCC_WARN_UNDECLARED_SELECTOR = YES;
				GCC_WARN_UNINITIALIZED_AUTOS = YES_AGGRESSIVE;
				GCC_WARN_UNUSED_FUNCTION = YES;
				GCC_WARN_UNUSED_VARIABLE = YES;
				LOCALIZATION_PREFERS_STRING_CATALOGS = YES;
				MTL_ENABLE_DEBUG_INFO = INCLUDE_SOURCE;
				MTL_FAST_MATH = YES;
				ONLY_ACTIVE_ARCH = YES;
				SDKROOT = appletvos;
				SWIFT_ACTIVE_COMPILATION_CONDITIONS = "DEBUG $(inherited)";
				SWIFT_OPTIMIZATION_LEVEL = "-Onone";
				TVOS_DEPLOYMENT_TARGET = 26.4;
			};
			name = Debug;
		};
		07D471B82F7CAB2B00C578D3 /* Release */ = {
			isa = XCBuildConfiguration;
			buildSettings = {
				ALWAYS_SEARCH_USER_PATHS = NO;
				ASSETCATALOG_COMPILER_GENERATE_SWIFT_ASSET_SYMBOL_EXTENSIONS = YES;
				CLANG_ANALYZER_NONNULL = YES;
				CLANG_ANALYZER_NUMBER_OBJECT_CONVERSION = YES_AGGRESSIVE;
				CLANG_CXX_LANGUAGE_STANDARD = "gnu++20";
				CLANG_ENABLE_MODULES = YES;
				CLANG_ENABLE_OBJC_ARC = YES;
				CLANG_ENABLE_OBJC_WEAK = YES;
				CLANG_WARN_BLOCK_CAPTURE_AUTORELEASING = YES;
				CLANG_WARN_BOOL_CONVERSION = YES;
				CLANG_WARN_COMMA = YES;
				CLANG_WARN_CONSTANT_CONVERSION = YES;
				CLANG_WARN_DEPRECATED_OBJC_IMPLEMENTATIONS = YES;
				CLANG_WARN_DIRECT_OBJC_ISA_USAGE = YES_ERROR;
				CLANG_WARN_DOCUMENTATION_COMMENTS = YES;
				CLANG_WARN_EMPTY_BODY = YES;
				CLANG_WARN_ENUM_CONVERSION = YES;
				CLANG_WARN_INFINITE_RECURSION = YES;
				CLANG_WARN_INT_CONVERSION = YES;
				CLANG_WARN_NON_LITERAL_NULL_CONVERSION = YES;
				CLANG_WARN_OBJC_IMPLICIT_RETAIN_SELF = YES;
				CLANG_WARN_OBJC_LITERAL_CONVERSION = YES;
				CLANG_WARN_OBJC_ROOT_CLASS = YES_ERROR;
				CLANG_WARN_QUOTED_INCLUDE_IN_FRAMEWORK_HEADER = YES;
				CLANG_WARN_RANGE_LOOP_ANALYSIS = YES;
				CLANG_WARN_STRICT_PROTOTYPES = YES;
				CLANG_WARN_SUSPICIOUS_MOVE = YES;
				CLANG_WARN_UNGUARDED_AVAILABILITY = YES_AGGRESSIVE;
				CLANG_WARN_UNREACHABLE_CODE = YES;
				CLANG_WARN__DUPLICATE_METHOD_MATCH = YES;
				COPY_PHASE_STRIP = NO;
				DEBUG_INFORMATION_FORMAT = "dwarf-with-dsym";
				DEVELOPMENT_TEAM = XX656J46PT;
				ENABLE_NS_ASSERTIONS = NO;
				ENABLE_STRICT_OBJC_MSGSEND = YES;
				ENABLE_USER_SCRIPT_SANDBOXING = YES;
				GCC_C_LANGUAGE_STANDARD = gnu17;
				GCC_NO_COMMON_BLOCKS = YES;
				GCC_WARN_64_TO_32_BIT_CONVERSION = YES;
				GCC_WARN_ABOUT_RETURN_TYPE = YES_ERROR;
				GCC_WARN_UNDECLARED_SELECTOR = YES;
				GCC_WARN_UNINITIALIZED_AUTOS = YES_AGGRESSIVE;
				GCC_WARN_UNUSED_FUNCTION = YES;
				GCC_WARN_UNUSED_VARIABLE = YES;
				LOCALIZATION_PREFERS_STRING_CATALOGS = YES;
				MTL_ENABLE_DEBUG_INFO = NO;
				MTL_FAST_MATH = YES;
				SDKROOT = appletvos;
				SWIFT_COMPILATION_MODE = wholemodule;
				TVOS_DEPLOYMENT_TARGET = 26.4;
				VALIDATE_PRODUCT = YES;
			};
			name = Release;
		};
		07D471BA2F7CAB2B00C578D3 /* Debug */ = {
			isa = XCBuildConfiguration;
			buildSettings = {
				ASSETCATALOG_COMPILER_APPICON_NAME = "App Icon & Top Shelf Image";
				ASSETCATALOG_COMPILER_GLOBAL_ACCENT_COLOR_NAME = AccentColor;
				CODE_SIGN_ENTITLEMENTS = HATV/HATV.entitlements;
				CODE_SIGN_STYLE = Automatic;
				CURRENT_PROJECT_VERSION = 1;
				DEVELOPMENT_TEAM = XX656J46PT;
				ENABLE_PREVIEWS = YES;
				GENERATE_INFOPLIST_FILE = NO;
				INFOPLIST_FILE = Config/HATV-Info.plist;
				LD_RUNPATH_SEARCH_PATHS = (
					"$(inherited)",
					"@executable_path/Frameworks",
				);
				MARKETING_VERSION = 1.0;
				PRODUCT_BUNDLE_IDENTIFIER = app.delattre.me.HATV;
				PRODUCT_NAME = "$(TARGET_NAME)";
				STRING_CATALOG_GENERATE_SYMBOLS = YES;
				SWIFT_APPROACHABLE_CONCURRENCY = YES;
				SWIFT_DEFAULT_ACTOR_ISOLATION = MainActor;
				SWIFT_EMIT_LOC_STRINGS = YES;
				SWIFT_UPCOMING_FEATURE_MEMBER_IMPORT_VISIBILITY = YES;
				SWIFT_VERSION = 5.0;
				TARGETED_DEVICE_FAMILY = 3;
			};
			name = Debug;
		};
		07D471BB2F7CAB2B00C578D3 /* Release */ = {
			isa = XCBuildConfiguration;
			buildSettings = {
				ASSETCATALOG_COMPILER_APPICON_NAME = "App Icon & Top Shelf Image";
				ASSETCATALOG_COMPILER_GLOBAL_ACCENT_COLOR_NAME = AccentColor;
				CODE_SIGN_ENTITLEMENTS = HATV/HATV.entitlements;
				CODE_SIGN_STYLE = Automatic;
				CURRENT_PROJECT_VERSION = 1;
				DEVELOPMENT_TEAM = XX656J46PT;
				ENABLE_PREVIEWS = YES;
				GENERATE_INFOPLIST_FILE = NO;
				INFOPLIST_FILE = Config/HATV-Info.plist;
				LD_RUNPATH_SEARCH_PATHS = (
					"$(inherited)",
					"@executable_path/Frameworks",
				);
				MARKETING_VERSION = 1.0;
				PRODUCT_BUNDLE_IDENTIFIER = app.delattre.me.HATV;
				PRODUCT_NAME = "$(TARGET_NAME)";
				STRING_CATALOG_GENERATE_SYMBOLS = YES;
				SWIFT_APPROACHABLE_CONCURRENCY = YES;
				SWIFT_DEFAULT_ACTOR_ISOLATION = MainActor;
				SWIFT_EMIT_LOC_STRINGS = YES;
				SWIFT_UPCOMING_FEATURE_MEMBER_IMPORT_VISIBILITY = YES;
				SWIFT_VERSION = 5.0;
				TARGETED_DEVICE_FAMILY = 3;
			};
			name = Release;
		};
		07D471BD2F7CAB2B00C578D3 /* Debug */ = {
			isa = XCBuildConfiguration;
			buildSettings = {
				BUNDLE_LOADER = "$(TEST_HOST)";
				CODE_SIGN_STYLE = Automatic;
				CURRENT_PROJECT_VERSION = 1;
				DEVELOPMENT_TEAM = XX656J46PT;
				GENERATE_INFOPLIST_FILE = YES;
				MARKETING_VERSION = 1.0;
				PRODUCT_BUNDLE_IDENTIFIER = app.delattre.me.HATVTests;
				PRODUCT_NAME = "$(TARGET_NAME)";
				STRING_CATALOG_GENERATE_SYMBOLS = NO;
				SWIFT_APPROACHABLE_CONCURRENCY = YES;
				SWIFT_EMIT_LOC_STRINGS = NO;
				SWIFT_UPCOMING_FEATURE_MEMBER_IMPORT_VISIBILITY = YES;
				SWIFT_VERSION = 5.0;
				TARGETED_DEVICE_FAMILY = 3;
				TEST_HOST = "$(BUILT_PRODUCTS_DIR)/HATV.app/$(BUNDLE_EXECUTABLE_FOLDER_PATH)/HATV";
				TVOS_DEPLOYMENT_TARGET = 26.4;
			};
			name = Debug;
		};
		07D471BE2F7CAB2B00C578D3 /* Release */ = {
			isa = XCBuildConfiguration;
			buildSettings = {
				BUNDLE_LOADER = "$(TEST_HOST)";
				CODE_SIGN_STYLE = Automatic;
				CURRENT_PROJECT_VERSION = 1;
				DEVELOPMENT_TEAM = XX656J46PT;
				GENERATE_INFOPLIST_FILE = YES;
				MARKETING_VERSION = 1.0;
				PRODUCT_BUNDLE_IDENTIFIER = app.delattre.me.HATVTests;
				PRODUCT_NAME = "$(TARGET_NAME)";
				STRING_CATALOG_GENERATE_SYMBOLS = NO;
				SWIFT_APPROACHABLE_CONCURRENCY = YES;
				SWIFT_EMIT_LOC_STRINGS = NO;
				SWIFT_UPCOMING_FEATURE_MEMBER_IMPORT_VISIBILITY = YES;
				SWIFT_VERSION = 5.0;
				TARGETED_DEVICE_FAMILY = 3;
				TEST_HOST = "$(BUILT_PRODUCTS_DIR)/HATV.app/$(BUNDLE_EXECUTABLE_FOLDER_PATH)/HATV";
				TVOS_DEPLOYMENT_TARGET = 26.4;
			};
			name = Release;
		};
		07D471C02F7CAB2B00C578D3 /* Debug */ = {
			isa = XCBuildConfiguration;
			buildSettings = {
				CODE_SIGN_STYLE = Automatic;
				CURRENT_PROJECT_VERSION = 1;
				DEVELOPMENT_TEAM = XX656J46PT;
				GENERATE_INFOPLIST_FILE = YES;
				MARKETING_VERSION = 1.0;
				PRODUCT_BUNDLE_IDENTIFIER = app.delattre.me.HATVUITests;
				PRODUCT_NAME = "$(TARGET_NAME)";
				STRING_CATALOG_GENERATE_SYMBOLS = NO;
				SWIFT_APPROACHABLE_CONCURRENCY = YES;
				SWIFT_EMIT_LOC_STRINGS = NO;
				SWIFT_UPCOMING_FEATURE_MEMBER_IMPORT_VISIBILITY = YES;
				SWIFT_VERSION = 5.0;
				TARGETED_DEVICE_FAMILY = 3;
				TEST_TARGET_NAME = HATV;
			};
			name = Debug;
		};
		07D471C12F7CAB2B00C578D3 /* Release */ = {
			isa = XCBuildConfiguration;
			buildSettings = {
				CODE_SIGN_STYLE = Automatic;
				CURRENT_PROJECT_VERSION = 1;
				DEVELOPMENT_TEAM = XX656J46PT;
				GENERATE_INFOPLIST_FILE = YES;
				MARKETING_VERSION = 1.0;
				PRODUCT_BUNDLE_IDENTIFIER = app.delattre.me.HATVUITests;
				PRODUCT_NAME = "$(TARGET_NAME)";
				STRING_CATALOG_GENERATE_SYMBOLS = NO;
				SWIFT_APPROACHABLE_CONCURRENCY = YES;
				SWIFT_EMIT_LOC_STRINGS = NO;
				SWIFT_UPCOMING_FEATURE_MEMBER_IMPORT_VISIBILITY = YES;
				SWIFT_VERSION = 5.0;
				TARGETED_DEVICE_FAMILY = 3;
				TEST_TARGET_NAME = HATV;
			};
			name = Release;
		};
		3BF689AD72A743238D8A13D8 /* Release */ = {
			isa = XCBuildConfiguration;
			buildSettings = {
				APPLICATION_EXTENSION_API_ONLY = YES;
				CODE_SIGN_ENTITLEMENTS = HATVTopShelfExtension/HATVTopShelfExtension.entitlements;
				CODE_SIGN_STYLE = Automatic;
				CURRENT_PROJECT_VERSION = 1;
				DEVELOPMENT_TEAM = XX656J46PT;
				GENERATE_INFOPLIST_FILE = NO;
				INFOPLIST_FILE = Config/HATVTopShelfExtension-Info.plist;
				LD_RUNPATH_SEARCH_PATHS = (
					"$(inherited)",
					"@executable_path/Frameworks",
					"@executable_path/../../Frameworks",
				);
				MARKETING_VERSION = 1.0;
				PRODUCT_BUNDLE_IDENTIFIER = app.delattre.me.HATV.TopShelf;
				PRODUCT_NAME = "$(TARGET_NAME)";
				SKIP_INSTALL = YES;
				STRING_CATALOG_GENERATE_SYMBOLS = NO;
				SWIFT_APPROACHABLE_CONCURRENCY = YES;
				SWIFT_EMIT_LOC_STRINGS = NO;
				SWIFT_UPCOMING_FEATURE_MEMBER_IMPORT_VISIBILITY = YES;
				SWIFT_VERSION = 5.0;
				TARGETED_DEVICE_FAMILY = 3;
				TVOS_DEPLOYMENT_TARGET = 26.4;
			};
			name = Release;
		};
		924C4EAF6A714F609CE83E55 /* Debug */ = {
			isa = XCBuildConfiguration;
			buildSettings = {
				APPLICATION_EXTENSION_API_ONLY = YES;
				CODE_SIGN_ENTITLEMENTS = HATVTopShelfExtension/HATVTopShelfExtension.entitlements;
				CODE_SIGN_STYLE = Automatic;
				CURRENT_PROJECT_VERSION = 1;
				DEVELOPMENT_TEAM = XX656J46PT;
				GENERATE_INFOPLIST_FILE = NO;
				INFOPLIST_FILE = Config/HATVTopShelfExtension-Info.plist;
				LD_RUNPATH_SEARCH_PATHS = (
					"$(inherited)",
					"@executable_path/Frameworks",
					"@executable_path/../../Frameworks",
				);
				MARKETING_VERSION = 1.0;
				PRODUCT_BUNDLE_IDENTIFIER = app.delattre.me.HATV.TopShelf;
				PRODUCT_NAME = "$(TARGET_NAME)";
				SKIP_INSTALL = YES;
				STRING_CATALOG_GENERATE_SYMBOLS = NO;
				SWIFT_APPROACHABLE_CONCURRENCY = YES;
				SWIFT_EMIT_LOC_STRINGS = NO;
				SWIFT_UPCOMING_FEATURE_MEMBER_IMPORT_VISIBILITY = YES;
				SWIFT_VERSION = 5.0;
				TARGETED_DEVICE_FAMILY = 3;
				TVOS_DEPLOYMENT_TARGET = 26.4;
			};
			name = Debug;
		};
/* End XCBuildConfiguration section */

/* Begin XCConfigurationList section */
		07D471912F7CAB2A00C578D3 /* Build configuration list for PBXProject "HATV" */ = {
			isa = XCConfigurationList;
			buildConfigurations = (
				07D471B72F7CAB2B00C578D3 /* Debug */,
				07D471B82F7CAB2B00C578D3 /* Release */,
			);
			defaultConfigurationIsVisible = 0;
			defaultConfigurationName = Release;
		};
		07D471B92F7CAB2B00C578D3 /* Build configuration list for PBXNativeTarget "HATV" */ = {
			isa = XCConfigurationList;
			buildConfigurations = (
				07D471BA2F7CAB2B00C578D3 /* Debug */,
				07D471BB2F7CAB2B00C578D3 /* Release */,
			);
			defaultConfigurationIsVisible = 0;
			defaultConfigurationName = Release;
		};
		07D471BC2F7CAB2B00C578D3 /* Build configuration list for PBXNativeTarget "HATVTests" */ = {
			isa = XCConfigurationList;
			buildConfigurations = (
				07D471BD2F7CAB2B00C578D3 /* Debug */,
				07D471BE2F7CAB2B00C578D3 /* Release */,
			);
			defaultConfigurationIsVisible = 0;
			defaultConfigurationName = Release;
		};
		07D471BF2F7CAB2B00C578D3 /* Build configuration list for PBXNativeTarget "HATVUITests" */ = {
			isa = XCConfigurationList;
			buildConfigurations = (
				07D471C02F7CAB2B00C578D3 /* Debug */,
				07D471C12F7CAB2B00C578D3 /* Release */,
			);
			defaultConfigurationIsVisible = 0;
			defaultConfigurationName = Release;
		};
		B33B01786982402891479511 /* Build configuration list for PBXNativeTarget "HATVTopShelfExtension" */ = {
			isa = XCConfigurationList;
			buildConfigurations = (
				924C4EAF6A714F609CE83E55 /* Debug */,
				3BF689AD72A743238D8A13D8 /* Release */,
			);
			defaultConfigurationIsVisible = 0;
			defaultConfigurationName = Release;
		};
/* End XCConfigurationList section */
	};
	rootObject = 07D4718E2F7CAB2A00C578D3 /* Project object */;
}
